
Microsoft Visual Studio Solution File, Format Version 12.00
# Visual Studio Version 17
VisualStudioVersion = 17.5.002.0
MinimumVisualStudioVersion = 10.0.40219.1
Project("{9A19103F-16F7-4668-BE54-9A1E7A4F7556}") = "chat", "chat.csproj", "{55F925DA-2733-41BD-B172-A36CF6909B6F}"
EndProject
Global
	GlobalSection(SolutionConfigurationPlatforms) = preSolution
		Debug|Any CPU = Debug|Any CPU
		Release|Any CPU = Release|Any CPU
	EndGlobalSection
	GlobalSection(ProjectConfigurationPlatforms) = postSolution
		{55F925DA-2733-41BD-B172-A36CF6909B6F}.Debug|Any CPU.ActiveCfg = Debug|Any CPU
		{55F925DA-2733-41BD-B172-A36CF6909B6F}.Debug|Any CPU.Build.0 = Debug|Any CPU
		{55F925DA-2733-41BD-B172-A36CF6909B6F}.Release|Any CPU.ActiveCfg = Release|Any CPU
		{55F925DA-2733-41BD-B172-A36CF6909B6F}.Release|Any CPU.Build.0 = Release|Any CPU
	EndGlobalSection
	GlobalSection(SolutionProperties) = preSolution
		HideSolutionNode = FALSE
	EndGlobalSection
	GlobalSection(ExtensibilityGlobals) = postSolution
		SolutionGuid = {12680B11-BABA-4AC2-9492-F8B462EF0D4A}
	EndGlobalSection
EndGlobal
